// !$*UTF8*$!
{
	archiveVersion = 1;
	classes = {
	};
	objectVersion = 46;
	objects = {

/* Begin PBXBuildFile section */
		9E9624B31575B3E700ECC6F4 /* UIKit.framework in Frameworks */ = {isa = PBXBuildFile; fileRef = 9E9624B21575B3E700ECC6F4 /* UIKit.framework */; };
		9E9624B51575B3E700ECC6F4 /* Foundation.framework in Frameworks */ = {isa = PBXBuildFile; fileRef = 9E9624B41575B3E700ECC6F4 /* Foundation.framework */; };
		9E9624B71575B3E700ECC6F4 /* CoreGraphics.framework in Frameworks */ = {isa = PBXBuildFile; fileRef = 9E9624B61575B3E700ECC6F4 /* CoreGraphics.framework */; };
		9E9624BD1575B3E700ECC6F4 /* InfoPlist.strings in Resources */ = {isa = PBXBuildFile; fileRef = 9E9624BB1575B3E700ECC6F4 /* InfoPlist.strings */; };
		9E9624BF1575B3E700ECC6F4 /* main.m in Sources */ = {isa = PBXBuildFile; fileRef = 9E9624BE1575B3E700ECC6F4 /* main.m */; };
		9E9624C31575B3E800ECC6F4 /* STVBAppDelegate.m in Sources */ = {isa = PBXBuildFile; fileRef = 9E9624C21575B3E800ECC6F4 /* STVBAppDelegate.m */; };
		9E9624CB1575B3FE00ECC6F4 /* STVBTableViewController.m in Sources */ = {isa = PBXBuildFile; fileRef = 9E9624CA1575B3FE00ECC6F4 /* STVBTableViewController.m */; };
/* End PBXBuildFile section */

/* Begin PBXFileReference section */
		9E9624AE1575B3E700ECC6F4 /* SwitchTableViewBuster.app */ = {isa = PBXFileReference; explicitFileType = wrapper.application; includeInIndex = 0; path = SwitchTableViewBuster.app; sourceTree = BUILT_PRODUCTS_DIR; };
		9E9624B21575B3E700ECC6F4 /* UIKit.framework */ = {isa = PBXFileReference; lastKnownFileType = wrapper.framework; name = UIKit.framework; path = System/Library/Frameworks/UIKit.framework; sourceTree = SDKROOT; };
		9E9624B41575B3E700ECC6F4 /* Foundation.framework */ = {isa = PBXFileReference; lastKnownFileType = wrapper.framework; name = Foundation.framework; path = System/Library/Frameworks/Foundation.framework; sourceTree = SDKROOT; };
		9E9624B61575B3E700ECC6F4 /* CoreGraphics.framework */ = {isa = PBXFileReference; lastKnownFileType = wrapper.framework; name = CoreGraphics.framework; path = System/Library/Frameworks/CoreGraphics.framework; sourceTree = SDKROOT; };
		9E9624BA1575B3E700ECC6F4 /* SwitchTableViewBuster-Info.plist */ = {isa = PBXFileReference; lastKnownFileType = text.plist.xml; path = "SwitchTableViewBuster-Info.plist"; sourceTree = "<group>"; };
		9E9624BC1575B3E700ECC6F4 /* en */ = {isa = PBXFileReference; lastKnownFileType = text.plist.strings; name = en; path = en.lproj/InfoPlist.strings; sourceTree = "<group>"; };
		9E9624BE1575B3E700ECC6F4 /* main.m */ = {isa = PBXFileReference; lastKnownFileType = sourcecode.c.objc; path = main.m; sourceTree = "<group>"; };
		9E9624C01575B3E800ECC6F4 /* SwitchTableViewBuster-Prefix.pch */ = {isa = PBXFileReference; lastKnownFileType = sourcecode.c.h; path = "SwitchTableViewBuster-Prefix.pch"; sourceTree = "<group>"; };
		9E9624C11575B3E800ECC6F4 /* STVBAppDelegate.h */ = {isa = PBXFileReference; lastKnownFileType = sourcecode.c.h; path = STVBAppDelegate.h; sourceTree = "<group>"; };
		9E9624C21575B3E800ECC6F4 /* STVBAppDelegate.m */ = {isa = PBXFileReference; lastKnownFileType = sourcecode.c.objc; path = STVBAppDelegate.m; sourceTree = "<group>"; };
		9E9624C91575B3FE00ECC6F4 /* STVBTableViewController.h */ = {isa = PBXFileReference; fileEncoding = 4; lastKnownFileType = sourcecode.c.h; path = STVBTableViewController.h; sourceTree = "<group>"; };
		9E9624CA1575B3FE00ECC6F4 /* STVBTableViewController.m */ = {isa = PBXFileReference; fileEncoding = 4; lastKnownFileType = sourcecode.c.objc; path = STVBTableViewController.m; sourceTree = "<group>"; };
/* End PBXFileReference section */

/* Begin PBXFrameworksBuildPhase section */
		9E9624AB1575B3E700ECC6F4 /* Frameworks */ = {
			isa = PBXFrameworksBuildPhase;
			buildActionMask = 2147483647;
			files = (
				9E9624B31575B3E700ECC6F4 /* UIKit.framework in Frameworks */,
				9E9624B51575B3E700ECC6F4 /* Foundation.framework in Frameworks */,
				9E9624B71575B3E700ECC6F4 /* CoreGraphics.framework in Frameworks */,
			);
			runOnlyForDeploymentPostprocessing = 0;
		};
/* End PBXFrameworksBuildPhase section */

/* Begin PBXGroup section */
		9E9624A31575B3E700ECC6F4 = {
			isa = PBXGroup;
			children = (
				9E9624B81575B3E700ECC6F4 /* SwitchTableViewBuster */,
				9E9624B11575B3E700ECC6F4 /* Frameworks */,
				9E9624AF1575B3E700ECC6F4 /* Products */,
			);
			sourceTree = "<group>";
		};
		9E9624AF1575B3E700ECC6F4 /* Products */ = {
			isa = PBXGroup;
			children = (
				9E9624AE1575B3E700ECC6F4 /* SwitchTableViewBuster.app */,
			);
			name = Products;
			sourceTree = "<group>";
		};
		9E9624B11575B3E700ECC6F4 /* Frameworks */ = {
			isa = PBXGroup;
			children = (
				9E9624B21575B3E700ECC6F4 /* UIKit.framework */,
				9E9624B41575B3E700ECC6F4 /* Foundation.framework */,
				9E9624B61575B3E700ECC6F4 /* CoreGraphics.framework */,
			);
			name = Frameworks;
			sourceTree = "<group>";
		};
		9E9624B81575B3E700ECC6F4 /* SwitchTableViewBuster */ = {
			isa = PBXGroup;
			children = (
				9E9624C11575B3E800ECC6F4 /* STVBAppDelegate.h */,
				9E9624C21575B3E800ECC6F4 /* STVBAppDelegate.m */,
				9E9624B91575B3E700ECC6F4 /* Supporting Files */,
				9E9624C91575B3FE00ECC6F4 /* STVBTableViewController.h */,
				9E9624CA1575B3FE00ECC6F4 /* STVBTableViewController.m */,
			);
			path = SwitchTableViewBuster;
			sourceTree = "<group>";
		};
		9E9624B91575B3E700ECC6F4 /* Supporting Files */ = {
			isa = PBXGroup;
			children = (
				9E9624BA1575B3E700ECC6F4 /* SwitchTableViewBuster-Info.plist */,
				9E9624BB1575B3E700ECC6F4 /* InfoPlist.strings */,
				9E9624BE1575B3E700ECC6F4 /* main.m */,
				9E9624C01575B3E800ECC6F4 /* SwitchTableViewBuster-Prefix.pch */,
			);
			name = "Supporting Files";
			sourceTree = "<group>";
		};
/* End PBXGroup section */

/* Begin PBXNativeTarget section */
		9E9624AD1575B3E700ECC6F4 /* SwitchTableViewBuster */ = {
			isa = PBXNativeTarget;
			buildConfigurationList = 9E9624C61575B3E800ECC6F4 /* Build configuration list for PBXNativeTarget "SwitchTableViewBuster" */;
			buildPhases = (
				9E9624AA1575B3E700ECC6F4 /* Sources */,
				9E9624AB1575B3E700ECC6F4 /* Frameworks */,
				9E9624AC1575B3E700ECC6F4 /* Resources */,
			);
			buildRules = (
			);
			dependencies = (
			);
			name = SwitchTableViewBuster;
			productName = SwitchTableViewBuster;
			productReference = 9E9624AE1575B3E700ECC6F4 /* SwitchTableViewBuster.app */;
			productType = "com.apple.product-type.application";
		};
/* End PBXNativeTarget section */

/* Begin PBXProject section */
		9E9624A51575B3E700ECC6F4 /* Project object */ = {
			isa = PBXProject;
			attributes = {
				LastUpgradeCheck = 0420;
				ORGANIZATIONNAME = "Wilcox Technologies";
			};
			buildConfigurationList = 9E9624A81575B3E700ECC6F4 /* Build configuration list for PBXProject "SwitchTableViewBuster" */;
			compatibilityVersion = "Xcode 3.2";
			developmentRegion = English;
			hasScannedForEncodings = 0;
			knownRegions = (
				en,
			);
			mainGroup = 9E9624A31575B3E700ECC6F4;
			productRefGroup = 9E9624AF1575B3E700ECC6F4 /* Products */;
			projectDirPath = "";
			projectRoot = "";
			targets = (
				9E9624AD1575B3E700ECC6F4 /* SwitchTableViewBuster */,
			);
		};
/* End PBXProject section */

/* Begin PBXResourcesBuildPhase section */
		9E9624AC1575B3E700ECC6F4 /* Resources */ = {
			isa = PBXResourcesBuildPhase;
			buildActionMask = 2147483647;
			files = (
				9E9624BD1575B3E700ECC6F4 /* InfoPlist.strings in Resources */,
			);
			runOnlyForDeploymentPostprocessing = 0;
		};
/* End PBXResourcesBuildPhase section */

/* Begin PBXSourcesBuildPhase section */
		9E9624AA1575B3E700ECC6F4 /* Sources */ = {
			isa = PBXSourcesBuildPhase;
			buildActionMask = 2147483647;
			files = (
				9E9624BF1575B3E700ECC6F4 /* main.m in Sources */,
				9E9624C31575B3E800ECC6F4 /* STVBAppDelegate.m in Sources */,
				9E9624CB1575B3FE00ECC6F4 /* STVBTableViewController.m in Sources */,
			);
			runOnlyForDeploymentPostprocessing = 0;
		};
/* End PBXSourcesBuildPhase section */

/* Begin PBXVariantGroup section */
		9E9624BB1575B3E700ECC6F4 /* InfoPlist.strings */ = {
			isa = PBXVariantGroup;
			children = (
				9E9624BC1575B3E700ECC6F4 /* en */,
			);
			name = InfoPlist.strings;
			sourceTree = "<group>";
		};
/* End PBXVariantGroup section */

/* Begin XCBuildConfiguration section */
		9E9624C41575B3E800ECC6F4 /* Debug */ = {
			isa = XCBuildConfiguration;
			buildSettings = {
				ALWAYS_SEARCH_USER_PATHS = NO;
				ARCHS = "$(ARCHS_STANDARD_32_BIT)";
				"CODE_SIGN_IDENTITY[sdk=iphoneos*]" = "iPhone Developer";
				COPY_PHASE_STRIP = NO;
				GCC_C_LANGUAGE_STANDARD = gnu99;
				GCC_DYNAMIC_NO_PIC = NO;
				GCC_OPTIMIZATION_LEVEL = 0;
				GCC_PREPROCESSOR_DEFINITIONS = (
					"DEBUG=1",
					"$(inherited)",
				);
				GCC_SYMBOLS_PRIVATE_EXTERN = NO;
				GCC_VERSION = com.apple.compilers.llvm.clang.1_0;
				GCC_WARN_ABOUT_MISSING_PROTOTYPES = YES;
				GCC_WARN_ABOUT_RETURN_TYPE = YES;
				GCC_WARN_UNUSED_VARIABLE = YES;
				IPHONEOS_DEPLOYMENT_TARGET = 5.0;
				SDKROOT = iphoneos;
			};
			name = Debug;
		};
		9E9624C51575B3E800ECC6F4 /* Release */ = {
			isa = XCBuildConfiguration;
			buildSettings = {
				ALWAYS_SEARCH_USER_PATHS = NO;
				ARCHS = "$(ARCHS_STANDARD_32_BIT)";
				"CODE_SIGN_IDENTITY[sdk=iphoneos*]" = "iPhone Developer";
				COPY_PHASE_STRIP = YES;
				GCC_C_LANGUAGE_STANDARD = gnu99;
				GCC_VERSION = com.apple.compilers.llvm.clang.1_0;
				GCC_WARN_ABOUT_MISSING_PROTOTYPES = YES;
				GCC_WARN_ABOUT_RETURN_TYPE = YES;
				GCC_WARN_UNUSED_VARIABLE = YES;
				IPHONEOS_DEPLOYMENT_TARGET = 5.0;
				OTHER_CFLAGS = "-DNS_BLOCK_ASSERTIONS=1";
				SDKROOT = iphoneos;
				VALIDATE_PRODUCT = YES;
			};
			name = Release;
		};
		9E9624C71575B3E800ECC6F4 /* Debug */ = {
			isa = XCBuildConfiguration;
			buildSettings = {
				GCC_PRECOMPILE_PREFIX_HEADER = YES;
				GCC_PREFIX_HEADER = "SwitchTableViewBuster/SwitchTableViewBuster-Prefix.pch";
				INFOPLIST_FILE = "SwitchTableViewBuster/SwitchTableViewBuster-Info.plist";
				PRODUCT_NAME = "$(TARGET_NAME)";
				WRAPPER_EXTENSION = app;
			};
			name = Debug;
		};
		9E9624C81575B3E800ECC6F4 /* Release */ = {
			isa = XCBuildConfiguration;
			buildSettings = {
				GCC_PRECOMPILE_PREFIX_HEADER = YES;
				GCC_PREFIX_HEADER = "SwitchTableViewBuster/SwitchTableViewBuster-Prefix.pch";
				INFOPLIST_FILE = "SwitchTableViewBuster/SwitchTableViewBuster-Info.plist";
				PRODUCT_NAME = "$(TARGET_NAME)";
				WRAPPER_EXTENSION = app;
			};
			name = Release;
		};
/* End XCBuildConfiguration section */

/* Begin XCConfigurationList section */
		9E9624A81575B3E700ECC6F4 /* Build configuration list for PBXProject "SwitchTableViewBuster" */ = {
			isa = XCConfigurationList;
			buildConfigurations = (
				9E9624C41575B3E800ECC6F4 /* Debug */,
				9E9624C51575B3E800ECC6F4 /* Release */,
			);
			defaultConfigurationIsVisible = 0;
			defaultConfigurationName = Release;
		};
		9E9624C61575B3E800ECC6F4 /* Build configuration list for PBXNativeTarget "SwitchTableViewBuster" */ = {
			isa = XCConfigurationList;
			buildConfigurations = (
				9E9624C71575B3E800ECC6F4 /* Debug */,
				9E9624C81575B3E800ECC6F4 /* Release */,
			);
			defaultConfigurationIsVisible = 0;
		};
/* End XCConfigurationList section */
	};
	rootObject = 9E9624A51575B3E700ECC6F4 /* Project object */;
}
